
Microsoft Visual Studio Solution File, Format Version 12.00
# Visual Studio 15
VisualStudioVersion = 15.0.28307.168
MinimumVisualStudioVersion = 10.0.40219.1
Project("{9A19103F-16F7-4668-BE54-9A1E7A4F7556}") = "EquacoesPolinomiais", "EquacoesPolinomiais\EquacoesPolinomiais.csproj", "{ED7B11FB-7807-4DCF-8B8E-236C9337EFC9}"
EndProject
Project("{9A19103F-16F7-4668-BE54-9A1E7A4F7556}") = "TestesEquacoesPolinomiasi", "TestesEquacoesPolinomiasi\TestesEquacoesPolinomiasi.csproj", "{AEAACE5E-2E9E-42D1-86C4-BFA7EE52C77A}"
EndProject
Project("{FAE04EC0-301F-11D3-BF4B-00C04F79EFBC}") = "AuxiliarParaDebug", "AuxiliarParaDebug\AuxiliarParaDebug.csproj", "{92137814-9014-4764-88F0-4878A86C266D}"
EndProject
Global
	GlobalSection(SolutionConfigurationPlatforms) = preSolution
		Debug|Any CPU = Debug|Any CPU
		Release|Any CPU = Release|Any CPU
	EndGlobalSection
	GlobalSection(ProjectConfigurationPlatforms) = postSolution
		{ED7B11FB-7807-4DCF-8B8E-236C9337EFC9}.Debug|Any CPU.ActiveCfg = Debug|Any CPU
		{ED7B11FB-7807-4DCF-8B8E-236C9337EFC9}.Debug|Any CPU.Build.0 = Debug|Any CPU
		{ED7B11FB-7807-4DCF-8B8E-236C9337EFC9}.Release|Any CPU.ActiveCfg = Release|Any CPU
		{ED7B11FB-7807-4DCF-8B8E-236C9337EFC9}.Release|Any CPU.Build.0 = Release|Any CPU
		{AEAACE5E-2E9E-42D1-86C4-BFA7EE52C77A}.Debug|Any CPU.ActiveCfg = Debug|Any CPU
		{AEAACE5E-2E9E-42D1-86C4-BFA7EE52C77A}.Debug|Any CPU.Build.0 = Debug|Any CPU
		{AEAACE5E-2E9E-42D1-86C4-BFA7EE52C77A}.Release|Any CPU.ActiveCfg = Release|Any CPU
		{AEAACE5E-2E9E-42D1-86C4-BFA7EE52C77A}.Release|Any CPU.Build.0 = Release|Any CPU
		{92137814-9014-4764-88F0-4878A86C266D}.Debug|Any CPU.ActiveCfg = Debug|Any CPU
		{92137814-9014-4764-88F0-4878A86C266D}.Debug|Any CPU.Build.0 = Debug|Any CPU
		{92137814-9014-4764-88F0-4878A86C266D}.Release|Any CPU.ActiveCfg = Release|Any CPU
		{92137814-9014-4764-88F0-4878A86C266D}.Release|Any CPU.Build.0 = Release|Any CPU
	EndGlobalSection
	GlobalSection(SolutionProperties) = preSolution
		HideSolutionNode = FALSE
	EndGlobalSection
	GlobalSection(ExtensibilityGlobals) = postSolution
		SolutionGuid = {76D9898F-5087-4626-B444-AD06B587AD03}
	EndGlobalSection
EndGlobal
